
Microsoft Visual Studio Solution File, Format Version 12.00
# Visual Studio Version 17
VisualStudioVersion = 17.0.31903.59
MinimumVisualStudioVersion = 10.0.40219.1
Project("{FAE04EC0-301F-11D3-BF4B-00C04F79EFBC}") = "HotelApp", "HotelApp\HotelApp.csproj", "{9AB23D05-EFBB-42C2-8265-261EEFD4BC61}"
EndProject
Global
	GlobalSection(SolutionConfigurationPlatforms) = preSolution
		Debug|Any CPU = Debug|Any CPU
		Release|Any CPU = Release|Any CPU
	EndGlobalSection
	GlobalSection(ProjectConfigurationPlatforms) = postSolution
		{9AB23D05-EFBB-42C2-8265-261EEFD4BC61}.Debug|Any CPU.ActiveCfg = Debug|Any CPU
		{9AB23D05-EFBB-42C2-8265-261EEFD4BC61}.Debug|Any CPU.Build.0 = Debug|Any CPU
		{9AB23D05-EFBB-42C2-8265-261EEFD4BC61}.Release|Any CPU.ActiveCfg = Release|Any CPU
		{9AB23D05-EFBB-42C2-8265-261EEFD4BC61}.Release|Any CPU.Build.0 = Release|Any CPU
	EndGlobalSection
	GlobalSection(SolutionProperties) = preSolution
		HideSolutionNode = FALSE
	EndGlobalSection
	GlobalSection(ExtensibilityGlobals) = postSolution
		SolutionGuid = {5AF95405-2166-4272-8F60-14354F5797A7}
	EndGlobalSection
EndGlobal
